
Microsoft Visual Studio Solution File, Format Version 11.00
# Visual Studio 2015
Project("{F184B08F-C81C-45F6-A57F-5ABD9991F28F}") = "ServiceDeskTools", "NetUserApp\ServiceDeskTools.vbproj", "{1A06FEE7-0B5E-462A-9DE9-A1DA9722F422}"
EndProject
Global
	GlobalSection(SolutionConfigurationPlatforms) = preSolution
		Debug|x86 = Debug|x86
		Release|x86 = Release|x86
	EndGlobalSection
	GlobalSection(ProjectConfigurationPlatforms) = postSolution
		{1A06FEE7-0B5E-462A-9DE9-A1DA9722F422}.Debug|x86.ActiveCfg = Debug|x86
		{1A06FEE7-0B5E-462A-9DE9-A1DA9722F422}.Debug|x86.Build.0 = Debug|x86
		{1A06FEE7-0B5E-462A-9DE9-A1DA9722F422}.Release|x86.ActiveCfg = Release|x86
		{1A06FEE7-0B5E-462A-9DE9-A1DA9722F422}.Release|x86.Build.0 = Release|x86
	EndGlobalSection
	GlobalSection(SolutionProperties) = preSolution
		HideSolutionNode = FALSE
	EndGlobalSection
EndGlobal
